// !$*UTF8*$!
{
	archiveVersion = 1;
	classes = {
	};
	objectVersion = 50;
	objects = {

/* Begin PBXBuildFile section */
		F8FDF2F222A264160029BFBA /* AppDelegate.m in Sources */ = {isa = PBXBuildFile; fileRef = F8FDF2F122A264160029BFBA /* AppDelegate.m */; };
		F8FDF2F522A264160029BFBA /* ViewController.m in Sources */ = {isa = PBXBuildFile; fileRef = F8FDF2F422A264160029BFBA /* ViewController.m */; };
		F8FDF2F822A264160029BFBA /* Main.storyboard in Resources */ = {isa = PBXBuildFile; fileRef = F8FDF2F622A264160029BFBA /* Main.storyboard */; };
		F8FDF2FA22A264180029BFBA /* Assets.xcassets in Resources */ = {isa = PBXBuildFile; fileRef = F8FDF2F922A264180029BFBA /* Assets.xcassets */; };
		F8FDF2FD22A264180029BFBA /* LaunchScreen.storyboard in Resources */ = {isa = PBXBuildFile; fileRef = F8FDF2FB22A264180029BFBA /* LaunchScreen.storyboard */; };
		F8FDF30022A264180029BFBA /* main.m in Sources */ = {isa = PBXBuildFile; fileRef = F8FDF2FF22A264180029BFBA /* main.m */; };
		F8FDF30A22A264180029BFBA /* Dragging_viewsTests.m in Sources */ = {isa = PBXBuildFile; fileRef = F8FDF30922A264180029BFBA /* Dragging_viewsTests.m */; };
		F8FDF31522A264190029BFBA /* Dragging_viewsUITests.m in Sources */ = {isa = PBXBuildFile; fileRef = F8FDF31422A264190029BFBA /* Dragging_viewsUITests.m */; };
/* End PBXBuildFile section */

/* Begin PBXContainerItemProxy section */
		F8FDF30622A264180029BFBA /* PBXContainerItemProxy */ = {
			isa = PBXContainerItemProxy;
			containerPortal = F8FDF2E522A264160029BFBA /* Project object */;
			proxyType = 1;
			remoteGlobalIDString = F8FDF2EC22A264160029BFBA;
			remoteInfo = "Dragging views";
		};
		F8FDF31122A264190029BFBA /* PBXContainerItemProxy */ = {
			isa = PBXContainerItemProxy;
			containerPortal = F8FDF2E522A264160029BFBA /* Project object */;
			proxyType = 1;
			remoteGlobalIDString = F8FDF2EC22A264160029BFBA;
			remoteInfo = "Dragging views";
		};
/* End PBXContainerItemProxy section */

/* Begin PBXFileReference section */
		F8FDF2ED22A264160029BFBA /* Dragging views.app */ = {isa = PBXFileReference; explicitFileType = wrapper.application; includeInIndex = 0; path = "Dragging views.app"; sourceTree = BUILT_PRODUCTS_DIR; };
		F8FDF2F022A264160029BFBA /* AppDelegate.h */ = {isa = PBXFileReference; lastKnownFileType = sourcecode.c.h; path = AppDelegate.h; sourceTree = "<group>"; };
		F8FDF2F122A264160029BFBA /* AppDelegate.m */ = {isa = PBXFileReference; lastKnownFileType = sourcecode.c.objc; path = AppDelegate.m; sourceTree = "<group>"; };
		F8FDF2F322A264160029BFBA /* ViewController.h */ = {isa = PBXFileReference; lastKnownFileType = sourcecode.c.h; path = ViewController.h; sourceTree = "<group>"; };
		F8FDF2F422A264160029BFBA /* ViewController.m */ = {isa = PBXFileReference; lastKnownFileType = sourcecode.c.objc; path = ViewController.m; sourceTree = "<group>"; };
		F8FDF2F722A264160029BFBA /* Base */ = {isa = PBXFileReference; lastKnownFileType = file.storyboard; name = Base; path = Base.lproj/Main.storyboard; sourceTree = "<group>"; };
		F8FDF2F922A264180029BFBA /* Assets.xcassets */ = {isa = PBXFileReference; lastKnownFileType = folder.assetcatalog; path = Assets.xcassets; sourceTree = "<group>"; };
		F8FDF2FC22A264180029BFBA /* Base */ = {isa = PBXFileReference; lastKnownFileType = file.storyboard; name = Base; path = Base.lproj/LaunchScreen.storyboard; sourceTree = "<group>"; };
		F8FDF2FE22A264180029BFBA /* Info.plist */ = {isa = PBXFileReference; lastKnownFileType = text.plist.xml; path = Info.plist; sourceTree = "<group>"; };
		F8FDF2FF22A264180029BFBA /* main.m */ = {isa = PBXFileReference; lastKnownFileType = sourcecode.c.objc; path = main.m; sourceTree = "<group>"; };
		F8FDF30522A264180029BFBA /* Dragging viewsTests.xctest */ = {isa = PBXFileReference; explicitFileType = wrapper.cfbundle; includeInIndex = 0; path = "Dragging viewsTests.xctest"; sourceTree = BUILT_PRODUCTS_DIR; };
		F8FDF30922A264180029BFBA /* Dragging_viewsTests.m */ = {isa = PBXFileReference; lastKnownFileType = sourcecode.c.objc; path = Dragging_viewsTests.m; sourceTree = "<group>"; };
		F8FDF30B22A264190029BFBA /* Info.plist */ = {isa = PBXFileReference; lastKnownFileType = text.plist.xml; path = Info.plist; sourceTree = "<group>"; };
		F8FDF31022A264190029BFBA /* Dragging viewsUITests.xctest */ = {isa = PBXFileReference; explicitFileType = wrapper.cfbundle; includeInIndex = 0; path = "Dragging viewsUITests.xctest"; sourceTree = BUILT_PRODUCTS_DIR; };
		F8FDF31422A264190029BFBA /* Dragging_viewsUITests.m */ = {isa = PBXFileReference; lastKnownFileType = sourcecode.c.objc; path = Dragging_viewsUITests.m; sourceTree = "<group>"; };
		F8FDF31622A264190029BFBA /* Info.plist */ = {isa = PBXFileReference; lastKnownFileType = text.plist.xml; path = Info.plist; sourceTree = "<group>"; };
/* End PBXFileReference section */

/* Begin PBXFrameworksBuildPhase section */
		F8FDF2EA22A264160029BFBA /* Frameworks */ = {
			isa = PBXFrameworksBuildPhase;
			buildActionMask = 2147483647;
			files = (
			);
			runOnlyForDeploymentPostprocessing = 0;
		};
		F8FDF30222A264180029BFBA /* Frameworks */ = {
			isa = PBXFrameworksBuildPhase;
			buildActionMask = 2147483647;
			files = (
			);
			runOnlyForDeploymentPostprocessing = 0;
		};
		F8FDF30D22A264190029BFBA /* Frameworks */ = {
			isa = PBXFrameworksBuildPhase;
			buildActionMask = 2147483647;
			files = (
			);
			runOnlyForDeploymentPostprocessing = 0;
		};
/* End PBXFrameworksBuildPhase section */

/* Begin PBXGroup section */
		F8FDF2E422A264160029BFBA = {
			isa = PBXGroup;
			children = (
				F8FDF2EF22A264160029BFBA /* Dragging views */,
				F8FDF30822A264180029BFBA /* Dragging viewsTests */,
				F8FDF31322A264190029BFBA /* Dragging viewsUITests */,
				F8FDF2EE22A264160029BFBA /* Products */,
			);
			sourceTree = "<group>";
		};
		F8FDF2EE22A264160029BFBA /* Products */ = {
			isa = PBXGroup;
			children = (
				F8FDF2ED22A264160029BFBA /* Dragging views.app */,
				F8FDF30522A264180029BFBA /* Dragging viewsTests.xctest */,
				F8FDF31022A264190029BFBA /* Dragging viewsUITests.xctest */,
			);
			name = Products;
			sourceTree = "<group>";
		};
		F8FDF2EF22A264160029BFBA /* Dragging views */ = {
			isa = PBXGroup;
			children = (
				F8FDF2F022A264160029BFBA /* AppDelegate.h */,
				F8FDF2F122A264160029BFBA /* AppDelegate.m */,
				F8FDF2F322A264160029BFBA /* ViewController.h */,
				F8FDF2F422A264160029BFBA /* ViewController.m */,
				F8FDF2F622A264160029BFBA /* Main.storyboard */,
				F8FDF2F922A264180029BFBA /* Assets.xcassets */,
				F8FDF2FB22A264180029BFBA /* LaunchScreen.storyboard */,
				F8FDF2FE22A264180029BFBA /* Info.plist */,
				F8FDF2FF22A264180029BFBA /* main.m */,
			);
			path = "Dragging views";
			sourceTree = "<group>";
		};
		F8FDF30822A264180029BFBA /* Dragging viewsTests */ = {
			isa = PBXGroup;
			children = (
				F8FDF30922A264180029BFBA /* Dragging_viewsTests.m */,
				F8FDF30B22A264190029BFBA /* Info.plist */,
			);
			path = "Dragging viewsTests";
			sourceTree = "<group>";
		};
		F8FDF31322A264190029BFBA /* Dragging viewsUITests */ = {
			isa = PBXGroup;
			children = (
				F8FDF31422A264190029BFBA /* Dragging_viewsUITests.m */,
				F8FDF31622A264190029BFBA /* Info.plist */,
			);
			path = "Dragging viewsUITests";
			sourceTree = "<group>";
		};
/* End PBXGroup section */

/* Begin PBXNativeTarget section */
		F8FDF2EC22A264160029BFBA /* Dragging views */ = {
			isa = PBXNativeTarget;
			buildConfigurationList = F8FDF31922A264190029BFBA /* Build configuration list for PBXNativeTarget "Dragging views" */;
			buildPhases = (
				F8FDF2E922A264160029BFBA /* Sources */,
				F8FDF2EA22A264160029BFBA /* Frameworks */,
				F8FDF2EB22A264160029BFBA /* Resources */,
			);
			buildRules = (
			);
			dependencies = (
			);
			name = "Dragging views";
			productName = "Dragging views";
			productReference = F8FDF2ED22A264160029BFBA /* Dragging views.app */;
			productType = "com.apple.product-type.application";
		};
		F8FDF30422A264180029BFBA /* Dragging viewsTests */ = {
			isa = PBXNativeTarget;
			buildConfigurationList = F8FDF31C22A264190029BFBA /* Build configuration list for PBXNativeTarget "Dragging viewsTests" */;
			buildPhases = (
				F8FDF30122A264180029BFBA /* Sources */,
				F8FDF30222A264180029BFBA /* Frameworks */,
				F8FDF30322A264180029BFBA /* Resources */,
			);
			buildRules = (
			);
			dependencies = (
				F8FDF30722A264180029BFBA /* PBXTargetDependency */,
			);
			name = "Dragging viewsTests";
			productName = "Dragging viewsTests";
			productReference = F8FDF30522A264180029BFBA /* Dragging viewsTests.xctest */;
			productType = "com.apple.product-type.bundle.unit-test";
		};
		F8FDF30F22A264190029BFBA /* Dragging viewsUITests */ = {
			isa = PBXNativeTarget;
			buildConfigurationList = F8FDF31F22A264190029BFBA /* Build configuration list for PBXNativeTarget "Dragging viewsUITests" */;
			buildPhases = (
				F8FDF30C22A264190029BFBA /* Sources */,
				F8FDF30D22A264190029BFBA /* Frameworks */,
				F8FDF30E22A264190029BFBA /* Resources */,
			);
			buildRules = (
			);
			dependencies = (
				F8FDF31222A264190029BFBA /* PBXTargetDependency */,
			);
			name = "Dragging viewsUITests";
			productName = "Dragging viewsUITests";
			productReference = F8FDF31022A264190029BFBA /* Dragging viewsUITests.xctest */;
			productType = "com.apple.product-type.bundle.ui-testing";
		};
/* End PBXNativeTarget section */

/* Begin PBXProject section */
		F8FDF2E522A264160029BFBA /* Project object */ = {
			isa = PBXProject;
			attributes = {
				LastUpgradeCheck = 1010;
				ORGANIZATIONNAME = "Alesia Adereyko";
				TargetAttributes = {
					F8FDF2EC22A264160029BFBA = {
						CreatedOnToolsVersion = 10.1;
					};
					F8FDF30422A264180029BFBA = {
						CreatedOnToolsVersion = 10.1;
						TestTargetID = F8FDF2EC22A264160029BFBA;
					};
					F8FDF30F22A264190029BFBA = {
						CreatedOnToolsVersion = 10.1;
						TestTargetID = F8FDF2EC22A264160029BFBA;
					};
				};
			};
			buildConfigurationList = F8FDF2E822A264160029BFBA /* Build configuration list for PBXProject "Dragging views" */;
			compatibilityVersion = "Xcode 9.3";
			developmentRegion = en;
			hasScannedForEncodings = 0;
			knownRegions = (
				en,
				Base,
			);
			mainGroup = F8FDF2E422A264160029BFBA;
			productRefGroup = F8FDF2EE22A264160029BFBA /* Products */;
			projectDirPath = "";
			projectRoot = "";
			targets = (
				F8FDF2EC22A264160029BFBA /* Dragging views */,
				F8FDF30422A264180029BFBA /* Dragging viewsTests */,
				F8FDF30F22A264190029BFBA /* Dragging viewsUITests */,
			);
		};
/* End PBXProject section */

/* Begin PBXResourcesBuildPhase section */
		F8FDF2EB22A264160029BFBA /* Resources */ = {
			isa = PBXResourcesBuildPhase;
			buildActionMask = 2147483647;
			files = (
				F8FDF2FD22A264180029BFBA /* LaunchScreen.storyboard in Resources */,
				F8FDF2FA22A264180029BFBA /* Assets.xcassets in Resources */,
				F8FDF2F822A264160029BFBA /* Main.storyboard in Resources */,
			);
			runOnlyForDeploymentPostprocessing = 0;
		};
		F8FDF30322A264180029BFBA /* Resources */ = {
			isa = PBXResourcesBuildPhase;
			buildActionMask = 2147483647;
			files = (
			);
			runOnlyForDeploymentPostprocessing = 0;
		};
		F8FDF30E22A264190029BFBA /* Resources */ = {
			isa = PBXResourcesBuildPhase;
			buildActionMask = 2147483647;
			files = (
			);
			runOnlyForDeploymentPostprocessing = 0;
		};
/* End PBXResourcesBuildPhase section */

/* Begin PBXSourcesBuildPhase section */
		F8FDF2E922A264160029BFBA /* Sources */ = {
			isa = PBXSourcesBuildPhase;
			buildActionMask = 2147483647;
			files = (
				F8FDF2F522A264160029BFBA /* ViewController.m in Sources */,
				F8FDF30022A264180029BFBA /* main.m in Sources */,
				F8FDF2F222A264160029BFBA /* AppDelegate.m in Sources */,
			);
			runOnlyForDeploymentPostprocessing = 0;
		};
		F8FDF30122A264180029BFBA /* Sources */ = {
			isa = PBXSourcesBuildPhase;
			buildActionMask = 2147483647;
			files = (
				F8FDF30A22A264180029BFBA /* Dragging_viewsTests.m in Sources */,
			);
			runOnlyForDeploymentPostprocessing = 0;
		};
		F8FDF30C22A264190029BFBA /* Sources */ = {
			isa = PBXSourcesBuildPhase;
			buildActionMask = 2147483647;
			files = (
				F8FDF31522A264190029BFBA /* Dragging_viewsUITests.m in Sources */,
			);
			runOnlyForDeploymentPostprocessing = 0;
		};
/* End PBXSourcesBuildPhase section */

/* Begin PBXTargetDependency section */
		F8FDF30722A264180029BFBA /* PBXTargetDependency */ = {
			isa = PBXTargetDependency;
			target = F8FDF2EC22A264160029BFBA /* Dragging views */;
			targetProxy = F8FDF30622A264180029BFBA /* PBXContainerItemProxy */;
		};
		F8FDF31222A264190029BFBA /* PBXTargetDependency */ = {
			isa = PBXTargetDependency;
			target = F8FDF2EC22A264160029BFBA /* Dragging views */;
			targetProxy = F8FDF31122A264190029BFBA /* PBXContainerItemProxy */;
		};
/* End PBXTargetDependency section */

/* Begin PBXVariantGroup section */
		F8FDF2F622A264160029BFBA /* Main.storyboard */ = {
			isa = PBXVariantGroup;
			children = (
				F8FDF2F722A264160029BFBA /* Base */,
			);
			name = Main.storyboard;
			sourceTree = "<group>";
		};
		F8FDF2FB22A264180029BFBA /* LaunchScreen.storyboard */ = {
			isa = PBXVariantGroup;
			children = (
				F8FDF2FC22A264180029BFBA /* Base */,
			);
			name = LaunchScreen.storyboard;
			sourceTree = "<group>";
		};
/* End PBXVariantGroup section */

/* Begin XCBuildConfiguration section */
		F8FDF31722A264190029BFBA /* Debug */ = {
			isa = XCBuildConfiguration;
			buildSettings = {
				ALWAYS_SEARCH_USER_PATHS = NO;
				CLANG_ANALYZER_NONNULL = YES;
				CLANG_ANALYZER_NUMBER_OBJECT_CONVERSION = YES_AGGRESSIVE;
				CLANG_CXX_LANGUAGE_STANDARD = "gnu++14";
				CLANG_CXX_LIBRARY = "libc++";
				CLANG_ENABLE_MODULES = YES;
				CLANG_ENABLE_OBJC_ARC = YES;
				CLANG_ENABLE_OBJC_WEAK = YES;
				CLANG_WARN_BLOCK_CAPTURE_AUTORELEASING = YES;
				CLANG_WARN_BOOL_CONVERSION = YES;
				CLANG_WARN_COMMA = YES;
				CLANG_WARN_CONSTANT_CONVERSION = YES;
				CLANG_WARN_DEPRECATED_OBJC_IMPLEMENTATIONS = YES;
				CLANG_WARN_DIRECT_OBJC_ISA_USAGE = YES_ERROR;
				CLANG_WARN_DOCUMENTATION_COMMENTS = YES;
				CLANG_WARN_EMPTY_BODY = YES;
				CLANG_WARN_ENUM_CONVERSION = YES;
				CLANG_WARN_INFINITE_RECURSION = YES;
				CLANG_WARN_INT_CONVERSION = YES;
				CLANG_WARN_NON_LITERAL_NULL_CONVERSION = YES;
				CLANG_WARN_OBJC_IMPLICIT_RETAIN_SELF = YES;
				CLANG_WARN_OBJC_LITERAL_CONVERSION = YES;
				CLANG_WARN_OBJC_ROOT_CLASS = YES_ERROR;
				CLANG_WARN_RANGE_LOOP_ANALYSIS = YES;
				CLANG_WARN_STRICT_PROTOTYPES = YES;
				CLANG_WARN_SUSPICIOUS_MOVE = YES;
				CLANG_WARN_UNGUARDED_AVAILABILITY = YES_AGGRESSIVE;
				CLANG_WARN_UNREACHABLE_CODE = YES;
				CLANG_WARN__DUPLICATE_METHOD_MATCH = YES;
				CODE_SIGN_IDENTITY = "iPhone Developer";
				COPY_PHASE_STRIP = NO;
				DEBUG_INFORMATION_FORMAT = dwarf;
				ENABLE_STRICT_OBJC_MSGSEND = YES;
				ENABLE_TESTABILITY = YES;
				GCC_C_LANGUAGE_STANDARD = gnu11;
				GCC_DYNAMIC_NO_PIC = NO;
				GCC_NO_COMMON_BLOCKS = YES;
				GCC_OPTIMIZATION_LEVEL = 0;
				GCC_PREPROCESSOR_DEFINITIONS = (
					"DEBUG=1",
					"$(inherited)",
				);
				GCC_WARN_64_TO_32_BIT_CONVERSION = YES;
				GCC_WARN_ABOUT_RETURN_TYPE = YES_ERROR;
				GCC_WARN_UNDECLARED_SELECTOR = YES;
				GCC_WARN_UNINITIALIZED_AUTOS = YES_AGGRESSIVE;
				GCC_WARN_UNUSED_FUNCTION = YES;
				GCC_WARN_UNUSED_VARIABLE = YES;
				IPHONEOS_DEPLOYMENT_TARGET = 12.1;
				MTL_ENABLE_DEBUG_INFO = INCLUDE_SOURCE;
				MTL_FAST_MATH = YES;
				ONLY_ACTIVE_ARCH = YES;
				SDKROOT = iphoneos;
			};
			name = Debug;
		};
		F8FDF31822A264190029BFBA /* Release */ = {
			isa = XCBuildConfiguration;
			buildSettings = {
				ALWAYS_SEARCH_USER_PATHS = NO;
				CLANG_ANALYZER_NONNULL = YES;
				CLANG_ANALYZER_NUMBER_OBJECT_CONVERSION = YES_AGGRESSIVE;
				CLANG_CXX_LANGUAGE_STANDARD = "gnu++14";
				CLANG_CXX_LIBRARY = "libc++";
				CLANG_ENABLE_MODULES = YES;
				CLANG_ENABLE_OBJC_ARC = YES;
				CLANG_ENABLE_OBJC_WEAK = YES;
				CLANG_WARN_BLOCK_CAPTURE_AUTORELEASING = YES;
				CLANG_WARN_BOOL_CONVERSION = YES;
				CLANG_WARN_COMMA = YES;
				CLANG_WARN_CONSTANT_CONVERSION = YES;
				CLANG_WARN_DEPRECATED_OBJC_IMPLEMENTATIONS = YES;
				CLANG_WARN_DIRECT_OBJC_ISA_USAGE = YES_ERROR;
				CLANG_WARN_DOCUMENTATION_COMMENTS = YES;
				CLANG_WARN_EMPTY_BODY = YES;
				CLANG_WARN_ENUM_CONVERSION = YES;
				CLANG_WARN_INFINITE_RECURSION = YES;
				CLANG_WARN_INT_CONVERSION = YES;
				CLANG_WARN_NON_LITERAL_NULL_CONVERSION = YES;
				CLANG_WARN_OBJC_IMPLICIT_RETAIN_SELF = YES;
				CLANG_WARN_OBJC_LITERAL_CONVERSION = YES;
				CLANG_WARN_OBJC_ROOT_CLASS = YES_ERROR;
				CLANG_WARN_RANGE_LOOP_ANALYSIS = YES;
				CLANG_WARN_STRICT_PROTOTYPES = YES;
				CLANG_WARN_SUSPICIOUS_MOVE = YES;
				CLANG_WARN_UNGUARDED_AVAILABILITY = YES_AGGRESSIVE;
				CLANG_WARN_UNREACHABLE_CODE = YES;
				CLANG_WARN__DUPLICATE_METHOD_MATCH = YES;
				CODE_SIGN_IDENTITY = "iPhone Developer";
				COPY_PHASE_STRIP = NO;
				DEBUG_INFORMATION_FORMAT = "dwarf-with-dsym";
				ENABLE_NS_ASSERTIONS = NO;
				ENABLE_STRICT_OBJC_MSGSEND = YES;
				GCC_C_LANGUAGE_STANDARD = gnu11;
				GCC_NO_COMMON_BLOCKS = YES;
				GCC_WARN_64_TO_32_BIT_CONVERSION = YES;
				GCC_WARN_ABOUT_RETURN_TYPE = YES_ERROR;
				GCC_WARN_UNDECLARED_SELECTOR = YES;
				GCC_WARN_UNINITIALIZED_AUTOS = YES_AGGRESSIVE;
				GCC_WARN_UNUSED_FUNCTION = YES;
				GCC_WARN_UNUSED_VARIABLE = YES;
				IPHONEOS_DEPLOYMENT_TARGET = 12.1;
				MTL_ENABLE_DEBUG_INFO = NO;
				MTL_FAST_MATH = YES;
				SDKROOT = iphoneos;
				VALIDATE_PRODUCT = YES;
			};
			name = Release;
		};
		F8FDF31A22A264190029BFBA /* Debug */ = {
			isa = XCBuildConfiguration;
			buildSettings = {
				ASSETCATALOG_COMPILER_APPICON_NAME = AppIcon;
				CODE_SIGN_STYLE = Automatic;
				DEVELOPMENT_TEAM = TU9UYV2P84;
				INFOPLIST_FILE = "Dragging views/Info.plist";
				LD_RUNPATH_SEARCH_PATHS = (
					"$(inherited)",
					"@executable_path/Frameworks",
				);
				PRODUCT_BUNDLE_IDENTIFIER = "com.alesia.Dragging-views";
				PRODUCT_NAME = "$(TARGET_NAME)";
				TARGETED_DEVICE_FAMILY = "1,2";
			};
			name = Debug;
		};
		F8FDF31B22A264190029BFBA /* Release */ = {
			isa = XCBuildConfiguration;
			buildSettings = {
				ASSETCATALOG_COMPILER_APPICON_NAME = AppIcon;
				CODE_SIGN_STYLE = Automatic;
				DEVELOPMENT_TEAM = TU9UYV2P84;
				INFOPLIST_FILE = "Dragging views/Info.plist";
				LD_RUNPATH_SEARCH_PATHS = (
					"$(inherited)",
					"@executable_path/Frameworks",
				);
				PRODUCT_BUNDLE_IDENTIFIER = "com.alesia.Dragging-views";
				PRODUCT_NAME = "$(TARGET_NAME)";
				TARGETED_DEVICE_FAMILY = "1,2";
			};
			name = Release;
		};
		F8FDF31D22A264190029BFBA /* Debug */ = {
			isa = XCBuildConfiguration;
			buildSettings = {
				BUNDLE_LOADER = "$(TEST_HOST)";
				CODE_SIGN_STYLE = Automatic;
				INFOPLIST_FILE = "Dragging viewsTests/Info.plist";
				LD_RUNPATH_SEARCH_PATHS = (
					"$(inherited)",
					"@executable_path/Frameworks",
					"@loader_path/Frameworks",
				);
				PRODUCT_BUNDLE_IDENTIFIER = "com.alesia.Dragging-viewsTests";
				PRODUCT_NAME = "$(TARGET_NAME)";
				TARGETED_DEVICE_FAMILY = "1,2";
				TEST_HOST = "$(BUILT_PRODUCTS_DIR)/Dragging views.app/Dragging views";
			};
			name = Debug;
		};
		F8FDF31E22A264190029BFBA /* Release */ = {
			isa = XCBuildConfiguration;
			buildSettings = {
				BUNDLE_LOADER = "$(TEST_HOST)";
				CODE_SIGN_STYLE = Automatic;
				INFOPLIST_FILE = "Dragging viewsTests/Info.plist";
				LD_RUNPATH_SEARCH_PATHS = (
					"$(inherited)",
					"@executable_path/Frameworks",
					"@loader_path/Frameworks",
				);
				PRODUCT_BUNDLE_IDENTIFIER = "com.alesia.Dragging-viewsTests";
				PRODUCT_NAME = "$(TARGET_NAME)";
				TARGETED_DEVICE_FAMILY = "1,2";
				TEST_HOST = "$(BUILT_PRODUCTS_DIR)/Dragging views.app/Dragging views";
			};
			name = Release;
		};
		F8FDF32022A264190029BFBA /* Debug */ = {
			isa = XCBuildConfiguration;
			buildSettings = {
				CODE_SIGN_STYLE = Automatic;
				INFOPLIST_FILE = "Dragging viewsUITests/Info.plist";
				LD_RUNPATH_SEARCH_PATHS = (
					"$(inherited)",
					"@executable_path/Frameworks",
					"@loader_path/Frameworks",
				);
				PRODUCT_BUNDLE_IDENTIFIER = "com.alesia.Dragging-viewsUITests";
				PRODUCT_NAME = "$(TARGET_NAME)";
				TARGETED_DEVICE_FAMILY = "1,2";
				TEST_TARGET_NAME = "Dragging views";
			};
			name = Debug;
		};
		F8FDF32122A264190029BFBA /* Release */ = {
			isa = XCBuildConfiguration;
			buildSettings = {
				CODE_SIGN_STYLE = Automatic;
				INFOPLIST_FILE = "Dragging viewsUITests/Info.plist";
				LD_RUNPATH_SEARCH_PATHS = (
					"$(inherited)",
					"@executable_path/Frameworks",
					"@loader_path/Frameworks",
				);
				PRODUCT_BUNDLE_IDENTIFIER = "com.alesia.Dragging-viewsUITests";
				PRODUCT_NAME = "$(TARGET_NAME)";
				TARGETED_DEVICE_FAMILY = "1,2";
				TEST_TARGET_NAME = "Dragging views";
			};
			name = Release;
		};
/* End XCBuildConfiguration section */

/* Begin XCConfigurationList section */
		F8FDF2E822A264160029BFBA /* Build configuration list for PBXProject "Dragging views" */ = {
			isa = XCConfigurationList;
			buildConfigurations = (
				F8FDF31722A264190029BFBA /* Debug */,
				F8FDF31822A264190029BFBA /* Release */,
			);
			defaultConfigurationIsVisible = 0;
			defaultConfigurationName = Release;
		};
		F8FDF31922A264190029BFBA /* Build configuration list for PBXNativeTarget "Dragging views" */ = {
			isa = XCConfigurationList;
			buildConfigurations = (
				F8FDF31A22A264190029BFBA /* Debug */,
				F8FDF31B22A264190029BFBA /* Release */,
			);
			defaultConfigurationIsVisible = 0;
			defaultConfigurationName = Release;
		};
		F8FDF31C22A264190029BFBA /* Build configuration list for PBXNativeTarget "Dragging viewsTests" */ = {
			isa = XCConfigurationList;
			buildConfigurations = (
				F8FDF31D22A264190029BFBA /* Debug */,
				F8FDF31E22A264190029BFBA /* Release */,
			);
			defaultConfigurationIsVisible = 0;
			defaultConfigurationName = Release;
		};
		F8FDF31F22A264190029BFBA /* Build configuration list for PBXNativeTarget "Dragging viewsUITests" */ = {
			isa = XCConfigurationList;
			buildConfigurations = (
				F8FDF32022A264190029BFBA /* Debug */,
				F8FDF32122A264190029BFBA /* Release */,
			);
			defaultConfigurationIsVisible = 0;
			defaultConfigurationName = Release;
		};
/* End XCConfigurationList section */
	};
	rootObject = F8FDF2E522A264160029BFBA /* Project object */;
}
